
Microsoft Visual Studio Solution File, Format Version 12.00
# Visual Studio Version 17
VisualStudioVersion = 17.10.35013.160
MinimumVisualStudioVersion = 10.0.40219.1
Project("{9A19103F-16F7-4668-BE54-9A1E7A4F7556}") = "NttBlog", "NttBlog\NttBlog.csproj", "{D8BE6152-6EF0-4687-B993-84A0AB800BF3}"
EndProject
Project("{FAE04EC0-301F-11D3-BF4B-00C04F79EFBC}") = "Business", "Business\Business.csproj", "{DBED120E-69ED-4C88-AD1A-650DE8CBE9C2}"
EndProject
Project("{FAE04EC0-301F-11D3-BF4B-00C04F79EFBC}") = "Entities", "Entities\Entities.csproj", "{F839CFD7-ED9C-42AC-A122-07847E2C8B40}"
EndProject
Project("{FAE04EC0-301F-11D3-BF4B-00C04F79EFBC}") = "DataAccess", "DataAccess\DataAccess.csproj", "{45DE6654-464B-49CE-B485-B088C000E114}"
EndProject
Project("{FAE04EC0-301F-11D3-BF4B-00C04F79EFBC}") = "Core", "Core\Core.csproj", "{881C201F-26E7-49B7-A5B3-CABBE7B00652}"
EndProject
Global
	GlobalSection(SolutionConfigurationPlatforms) = preSolution
		Debug|Any CPU = Debug|Any CPU
		Release|Any CPU = Release|Any CPU
	EndGlobalSection
	GlobalSection(ProjectConfigurationPlatforms) = postSolution
		{D8BE6152-6EF0-4687-B993-84A0AB800BF3}.Debug|Any CPU.ActiveCfg = Debug|Any CPU
		{D8BE6152-6EF0-4687-B993-84A0AB800BF3}.Debug|Any CPU.Build.0 = Debug|Any CPU
		{D8BE6152-6EF0-4687-B993-84A0AB800BF3}.Release|Any CPU.ActiveCfg = Release|Any CPU
		{D8BE6152-6EF0-4687-B993-84A0AB800BF3}.Release|Any CPU.Build.0 = Release|Any CPU
		{DBED120E-69ED-4C88-AD1A-650DE8CBE9C2}.Debug|Any CPU.ActiveCfg = Debug|Any CPU
		{DBED120E-69ED-4C88-AD1A-650DE8CBE9C2}.Debug|Any CPU.Build.0 = Debug|Any CPU
		{DBED120E-69ED-4C88-AD1A-650DE8CBE9C2}.Release|Any CPU.ActiveCfg = Release|Any CPU
		{DBED120E-69ED-4C88-AD1A-650DE8CBE9C2}.Release|Any CPU.Build.0 = Release|Any CPU
		{F839CFD7-ED9C-42AC-A122-07847E2C8B40}.Debug|Any CPU.ActiveCfg = Debug|Any CPU
		{F839CFD7-ED9C-42AC-A122-07847E2C8B40}.Debug|Any CPU.Build.0 = Debug|Any CPU
		{F839CFD7-ED9C-42AC-A122-07847E2C8B40}.Release|Any CPU.ActiveCfg = Release|Any CPU
		{F839CFD7-ED9C-42AC-A122-07847E2C8B40}.Release|Any CPU.Build.0 = Release|Any CPU
		{45DE6654-464B-49CE-B485-B088C000E114}.Debug|Any CPU.ActiveCfg = Debug|Any CPU
		{45DE6654-464B-49CE-B485-B088C000E114}.Debug|Any CPU.Build.0 = Debug|Any CPU
		{45DE6654-464B-49CE-B485-B088C000E114}.Release|Any CPU.ActiveCfg = Release|Any CPU
		{45DE6654-464B-49CE-B485-B088C000E114}.Release|Any CPU.Build.0 = Release|Any CPU
		{881C201F-26E7-49B7-A5B3-CABBE7B00652}.Debug|Any CPU.ActiveCfg = Debug|Any CPU
		{881C201F-26E7-49B7-A5B3-CABBE7B00652}.Debug|Any CPU.Build.0 = Debug|Any CPU
		{881C201F-26E7-49B7-A5B3-CABBE7B00652}.Release|Any CPU.ActiveCfg = Release|Any CPU
		{881C201F-26E7-49B7-A5B3-CABBE7B00652}.Release|Any CPU.Build.0 = Release|Any CPU
	EndGlobalSection
	GlobalSection(SolutionProperties) = preSolution
		HideSolutionNode = FALSE
	EndGlobalSection
	GlobalSection(ExtensibilityGlobals) = postSolution
		SolutionGuid = {B0D2970C-C704-407E-92AE-3E7168115F0F}
	EndGlobalSection
EndGlobal
